
Microsoft Visual Studio Solution File, Format Version 12.00
# Visual Studio Version 16
VisualStudioVersion = 16.0.31911.196
MinimumVisualStudioVersion = 10.0.40219.1
Project("{FAE04EC0-301F-11D3-BF4B-00C04F79EFBC}") = "Задание 11", "Задание 11\Задание 11.csproj", "{2CD53D93-CEB3-4B2C-B1D3-ADF92E2084E1}"
EndProject
Project("{FAE04EC0-301F-11D3-BF4B-00C04F79EFBC}") = "задание 11.1", "задание 11.1\задание 11.1.csproj", "{53F01EB6-949A-4193-8FD3-182DD7B6A8AF}"
EndProject
Global
	GlobalSection(SolutionConfigurationPlatforms) = preSolution
		Debug|Any CPU = Debug|Any CPU
		Release|Any CPU = Release|Any CPU
	EndGlobalSection
	GlobalSection(ProjectConfigurationPlatforms) = postSolution
		{2CD53D93-CEB3-4B2C-B1D3-ADF92E2084E1}.Debug|Any CPU.ActiveCfg = Debug|Any CPU
		{2CD53D93-CEB3-4B2C-B1D3-ADF92E2084E1}.Debug|Any CPU.Build.0 = Debug|Any CPU
		{2CD53D93-CEB3-4B2C-B1D3-ADF92E2084E1}.Release|Any CPU.ActiveCfg = Release|Any CPU
		{2CD53D93-CEB3-4B2C-B1D3-ADF92E2084E1}.Release|Any CPU.Build.0 = Release|Any CPU
		{53F01EB6-949A-4193-8FD3-182DD7B6A8AF}.Debug|Any CPU.ActiveCfg = Debug|Any CPU
		{53F01EB6-949A-4193-8FD3-182DD7B6A8AF}.Debug|Any CPU.Build.0 = Debug|Any CPU
		{53F01EB6-949A-4193-8FD3-182DD7B6A8AF}.Release|Any CPU.ActiveCfg = Release|Any CPU
		{53F01EB6-949A-4193-8FD3-182DD7B6A8AF}.Release|Any CPU.Build.0 = Release|Any CPU
	EndGlobalSection
	GlobalSection(SolutionProperties) = preSolution
		HideSolutionNode = FALSE
	EndGlobalSection
	GlobalSection(ExtensibilityGlobals) = postSolution
		SolutionGuid = {E4683C4F-6166-4315-B4FE-5B2E6A31A75D}
	EndGlobalSection
EndGlobal
